PODS:
  - Flutter (1.0.0)
  - integration_test (0.0.1):
    - Flutter
  - webex_calling (0.1.0):
    - Flutter
    - WebexSDK/Wxc (~> 3.16.0)
  - WebexSDK/Wxc (3.16.2)

DEPENDENCIES:
  - Flutter (from `Flutter`)
  - integration_test (from `.symlinks/plugins/integration_test/ios`)
  - webex_calling (from `.symlinks/plugins/webex_calling/ios`)

SPEC REPOS:
  trunk:
    - WebexSDK

EXTERNAL SOURCES:
  Flutter:
    :path: Flutter
  integration_test:
    :path: ".symlinks/plugins/integration_test/ios"
  webex_calling:
    :path: ".symlinks/plugins/webex_calling/ios"

SPEC CHECKSUMS:
  Flutter: cabc95a1d2626b1b06e7179b784ebcf0c0cde467
  integration_test: 252f60fa39af5e17c3aa9899d35d908a0721b573
  webex_calling: 3bc23d1505fad9d1ff7b8ea2a05d1bd3473037dd
  WebexSDK: ff56eab80b921bc3503bf51e43a94a26ebad996b

PODFILE CHECKSUM: 288656d4464589360115d6f81dd5d8f559352730

COCOAPODS: 1.16.2
